<?xml version="1.0" encoding="utf-8"?>
<Project ToolsVersion="4.0" xmlns="http://schemas.microsoft.com/developer/msbuild/2003">
  <ItemGroup>
    <Filter Include="Source Files">
      <UniqueIdentifier>{4FC737F1-C7A5-4376-A066-2A32D752A2FF}</UniqueIdentifier>
      <Extensions>cpp;c;cc;cxx;c++;cppm;ixx;def;odl;idl;hpj;bat;asm;asmx</Extensions>
    </Filter>
    <Filter Include="Header Files">
      <UniqueIdentifier>{93995380-89BD-4b04-88EB-625FBE52EBFB}</UniqueIdentifier>
      <Extensions>h;hh;hpp;hxx;h++;hm;inl;inc;ipp;xsd</Extensions>
    </Filter>
    <Filter Include="Resource Files">
      <UniqueIdentifier>{67DA6AB6-F800-4c08-8B7A-83BB121AAD01}</UniqueIdentifier>
      <Extensions>rc;ico;cur;bmp;dlg;rc2;rct;bin;rgs;gif;jpg;jpeg;jpe;resx;tiff;tif;png;wav;mfcribbon-ms</Extensions>
    </Filter>
  </ItemGroup>
  <ItemGroup>
    <ClCompile Include="main.c">
      <Filter>Source Files</Filter>
    </ClCompile>
    <ClCompile Include="corrector\helpful_functions.c">
      <Filter>Source Files</Filter>
    </ClCompile>
    <ClCompile Include="corrector\train_module.c">
      <Filter>Source Files</Filter>
    </ClCompile>
    <ClCompile Include="corrector\edit_module.c">
      <Filter>Source Files</Filter>
    </ClCompile>
    <ClCompile Include="corrector\params_working.c">
      <Filter>Source Files</Filter>
    </ClCompile>
    <ClCompile Include="corrector\files_working.c">
      <Filter>Source Files</Filter>
    </ClCompile>
    <ClCompile Include="hash_table\hash_table_lib.c">
      <Filter>Source Files</Filter>
    </ClCompile>
    <ClCompile Include="marked_lists\marked_list_lib.c">
      <Filter>Source Files</Filter>
    </ClCompile>
    <ClCompile Include="tests\hash_table_test.c">
      <Filter>Source Files</Filter>
    </ClCompile>
    <ClCompile Include="tests\marked_list_test.c">
      <Filter>Source Files</Filter>
    </ClCompile>
  </ItemGroup>
  <ItemGroup>
    <ClInclude Include="corrector\CorrectorModel.h">
      <Filter>Header Files</Filter>
    </ClInclude>
    <ClInclude Include="corrector\helpful_functions.h">
      <Filter>Header Files</Filter>
    </ClInclude>
    <ClInclude Include="corrector\train_module.h">
      <Filter>Header Files</Filter>
    </ClInclude>
    <ClInclude Include="corrector\edit_module.h">
      <Filter>Header Files</Filter>
    </ClInclude>
    <ClInclude Include="constants.h">
      <Filter>Header Files</Filter>
    </ClInclude>
    <ClInclude Include="corrector\params_working.h">
      <Filter>Header Files</Filter>
    </ClInclude>
    <ClInclude Include="corrector\files_working.h">
      <Filter>Header Files</Filter>
    </ClInclude>
    <ClInclude Include="hash_table\hash_table_lib.h">
      <Filter>Header Files</Filter>
    </ClInclude>
    <ClInclude Include="hash_table\hash_table.h">
      <Filter>Header Files</Filter>
    </ClInclude>
    <ClInclude Include="marked_lists\marked_list.h">
      <Filter>Header Files</Filter>
    </ClInclude>
    <ClInclude Include="marked_lists\marked_list_lib.h">
      <Filter>Header Files</Filter>
    </ClInclude>
    <ClInclude Include="tests\hash_table_test.h">
      <Filter>Header Files</Filter>
    </ClInclude>
    <ClInclude Include="tests\marked_list_test.h">
      <Filter>Header Files</Filter>
    </ClInclude>
  </ItemGroup>
</Project>